
Microsoft Visual Studio Solution File, Format Version 12.00
# Visual Studio Version 17
VisualStudioVersion = 17.9.34701.34
MinimumVisualStudioVersion = 10.0.40219.1
Project("{8BC9CEB8-8B4A-11D0-8D11-00A0C91BC942}") = "Recursion2.4", "Recursion2.4\Recursion2.4.vcxproj", "{C3C674C1-1122-4397-AC1C-9D022BA1937E}"
EndProject
Global
	GlobalSection(SolutionConfigurationPlatforms) = preSolution
		Debug|x64 = Debug|x64
		Debug|x86 = Debug|x86
		Release|x64 = Release|x64
		Release|x86 = Release|x86
	EndGlobalSection
	GlobalSection(ProjectConfigurationPlatforms) = postSolution
		{C3C674C1-1122-4397-AC1C-9D022BA1937E}.Debug|x64.ActiveCfg = Debug|x64
		{C3C674C1-1122-4397-AC1C-9D022BA1937E}.Debug|x64.Build.0 = Debug|x64
		{C3C674C1-1122-4397-AC1C-9D022BA1937E}.Debug|x86.ActiveCfg = Debug|Win32
		{C3C674C1-1122-4397-AC1C-9D022BA1937E}.Debug|x86.Build.0 = Debug|Win32
		{C3C674C1-1122-4397-AC1C-9D022BA1937E}.Release|x64.ActiveCfg = Release|x64
		{C3C674C1-1122-4397-AC1C-9D022BA1937E}.Release|x64.Build.0 = Release|x64
		{C3C674C1-1122-4397-AC1C-9D022BA1937E}.Release|x86.ActiveCfg = Release|Win32
		{C3C674C1-1122-4397-AC1C-9D022BA1937E}.Release|x86.Build.0 = Release|Win32
	EndGlobalSection
	GlobalSection(SolutionProperties) = preSolution
		HideSolutionNode = FALSE
	EndGlobalSection
	GlobalSection(ExtensibilityGlobals) = postSolution
		SolutionGuid = {D52505E6-8CBE-4D86-B0FE-A55919991D32}
	EndGlobalSection
EndGlobal
